// !$*UTF8*$!
{
	archiveVersion = 1;
	classes = {
	};
	objectVersion = 55;
	objects = {

/* Begin PBXBuildFile section */
		6DB6A66127F38CA70013D501 /* AppDelegate.swift in Sources */ = {isa = PBXBuildFile; fileRef = 6DB6A66027F38CA70013D501 /* AppDelegate.swift */; };
		6DB6A66327F38CA70013D501 /* SceneDelegate.swift in Sources */ = {isa = PBXBuildFile; fileRef = 6DB6A66227F38CA70013D501 /* SceneDelegate.swift */; };
		6DB6A66527F38CA70013D501 /* ViewController.swift in Sources */ = {isa = PBXBuildFile; fileRef = 6DB6A66427F38CA70013D501 /* ViewController.swift */; };
		6DB6A66827F38CA70013D501 /* Main.storyboard in Resources */ = {isa = PBXBuildFile; fileRef = 6DB6A66627F38CA70013D501 /* Main.storyboard */; };
		6DB6A66A27F38CAC0013D501 /* Assets.xcassets in Resources */ = {isa = PBXBuildFile; fileRef = 6DB6A66927F38CAC0013D501 /* Assets.xcassets */; };
		6DB6A66D27F38CAC0013D501 /* LaunchScreen.storyboard in Resources */ = {isa = PBXBuildFile; fileRef = 6DB6A66B27F38CAC0013D501 /* LaunchScreen.storyboard */; };
		6DB6A67827F38CAD0013D501 /* UIAlertControllerTests.swift in Sources */ = {isa = PBXBuildFile; fileRef = 6DB6A67727F38CAD0013D501 /* UIAlertControllerTests.swift */; };
		6DB6A68227F38CAD0013D501 /* UIAlertControllerUITests.swift in Sources */ = {isa = PBXBuildFile; fileRef = 6DB6A68127F38CAD0013D501 /* UIAlertControllerUITests.swift */; };
		6DB6A68427F38CAD0013D501 /* UIAlertControllerUITestsLaunchTests.swift in Sources */ = {isa = PBXBuildFile; fileRef = 6DB6A68327F38CAD0013D501 /* UIAlertControllerUITestsLaunchTests.swift */; };
/* End PBXBuildFile section */

/* Begin PBXContainerItemProxy section */
		6DB6A67427F38CAD0013D501 /* PBXContainerItemProxy */ = {
			isa = PBXContainerItemProxy;
			containerPortal = 6DB6A65527F38CA70013D501 /* Project object */;
			proxyType = 1;
			remoteGlobalIDString = 6DB6A65C27F38CA70013D501;
			remoteInfo = UIAlertController;
		};
		6DB6A67E27F38CAD0013D501 /* PBXContainerItemProxy */ = {
			isa = PBXContainerItemProxy;
			containerPortal = 6DB6A65527F38CA70013D501 /* Project object */;
			proxyType = 1;
			remoteGlobalIDString = 6DB6A65C27F38CA70013D501;
			remoteInfo = UIAlertController;
		};
/* End PBXContainerItemProxy section */

/* Begin PBXFileReference section */
		6DB6A65D27F38CA70013D501 /* UIAlertController.app */ = {isa = PBXFileReference; explicitFileType = wrapper.application; includeInIndex = 0; path = UIAlertController.app; sourceTree = BUILT_PRODUCTS_DIR; };
		6DB6A66027F38CA70013D501 /* AppDelegate.swift */ = {isa = PBXFileReference; lastKnownFileType = sourcecode.swift; path = AppDelegate.swift; sourceTree = "<group>"; };
		6DB6A66227F38CA70013D501 /* SceneDelegate.swift */ = {isa = PBXFileReference; lastKnownFileType = sourcecode.swift; path = SceneDelegate.swift; sourceTree = "<group>"; };
		6DB6A66427F38CA70013D501 /* ViewController.swift */ = {isa = PBXFileReference; lastKnownFileType = sourcecode.swift; path = ViewController.swift; sourceTree = "<group>"; };
		6DB6A66727F38CA70013D501 /* Base */ = {isa = PBXFileReference; lastKnownFileType = file.storyboard; name = Base; path = Base.lproj/Main.storyboard; sourceTree = "<group>"; };
		6DB6A66927F38CAC0013D501 /* Assets.xcassets */ = {isa = PBXFileReference; lastKnownFileType = folder.assetcatalog; path = Assets.xcassets; sourceTree = "<group>"; };
		6DB6A66C27F38CAC0013D501 /* Base */ = {isa = PBXFileReference; lastKnownFileType = file.storyboard; name = Base; path = Base.lproj/LaunchScreen.storyboard; sourceTree = "<group>"; };
		6DB6A66E27F38CAC0013D501 /* Info.plist */ = {isa = PBXFileReference; lastKnownFileType = text.plist.xml; path = Info.plist; sourceTree = "<group>"; };
		6DB6A67327F38CAD0013D501 /* UIAlertControllerTests.xctest */ = {isa = PBXFileReference; explicitFileType = wrapper.cfbundle; includeInIndex = 0; path = UIAlertControllerTests.xctest; sourceTree = BUILT_PRODUCTS_DIR; };
		6DB6A67727F38CAD0013D501 /* UIAlertControllerTests.swift */ = {isa = PBXFileReference; lastKnownFileType = sourcecode.swift; path = UIAlertControllerTests.swift; sourceTree = "<group>"; };
		6DB6A67D27F38CAD0013D501 /* UIAlertControllerUITests.xctest */ = {isa = PBXFileReference; explicitFileType = wrapper.cfbundle; includeInIndex = 0; path = UIAlertControllerUITests.xctest; sourceTree = BUILT_PRODUCTS_DIR; };
		6DB6A68127F38CAD0013D501 /* UIAlertControllerUITests.swift */ = {isa = PBXFileReference; lastKnownFileType = sourcecode.swift; path = UIAlertControllerUITests.swift; sourceTree = "<group>"; };
		6DB6A68327F38CAD0013D501 /* UIAlertControllerUITestsLaunchTests.swift */ = {isa = PBXFileReference; lastKnownFileType = sourcecode.swift; path = UIAlertControllerUITestsLaunchTests.swift; sourceTree = "<group>"; };
/* End PBXFileReference section */

/* Begin PBXFrameworksBuildPhase section */
		6DB6A65A27F38CA70013D501 /* Frameworks */ = {
			isa = PBXFrameworksBuildPhase;
			buildActionMask = 2147483647;
			files = (
			);
			runOnlyForDeploymentPostprocessing = 0;
		};
		6DB6A67027F38CAD0013D501 /* Frameworks */ = {
			isa = PBXFrameworksBuildPhase;
			buildActionMask = 2147483647;
			files = (
			);
			runOnlyForDeploymentPostprocessing = 0;
		};
		6DB6A67A27F38CAD0013D501 /* Frameworks */ = {
			isa = PBXFrameworksBuildPhase;
			buildActionMask = 2147483647;
			files = (
			);
			runOnlyForDeploymentPostprocessing = 0;
		};
/* End PBXFrameworksBuildPhase section */

/* Begin PBXGroup section */
		6DB6A65427F38CA70013D501 = {
			isa = PBXGroup;
			children = (
				6DB6A65F27F38CA70013D501 /* UIAlertController */,
				6DB6A67627F38CAD0013D501 /* UIAlertControllerTests */,
				6DB6A68027F38CAD0013D501 /* UIAlertControllerUITests */,
				6DB6A65E27F38CA70013D501 /* Products */,
			);
			sourceTree = "<group>";
		};
		6DB6A65E27F38CA70013D501 /* Products */ = {
			isa = PBXGroup;
			children = (
				6DB6A65D27F38CA70013D501 /* UIAlertController.app */,
				6DB6A67327F38CAD0013D501 /* UIAlertControllerTests.xctest */,
				6DB6A67D27F38CAD0013D501 /* UIAlertControllerUITests.xctest */,
			);
			name = Products;
			sourceTree = "<group>";
		};
		6DB6A65F27F38CA70013D501 /* UIAlertController */ = {
			isa = PBXGroup;
			children = (
				6DB6A66027F38CA70013D501 /* AppDelegate.swift */,
				6DB6A66227F38CA70013D501 /* SceneDelegate.swift */,
				6DB6A66427F38CA70013D501 /* ViewController.swift */,
				6DB6A66627F38CA70013D501 /* Main.storyboard */,
				6DB6A66927F38CAC0013D501 /* Assets.xcassets */,
				6DB6A66B27F38CAC0013D501 /* LaunchScreen.storyboard */,
				6DB6A66E27F38CAC0013D501 /* Info.plist */,
			);
			path = UIAlertController;
			sourceTree = "<group>";
		};
		6DB6A67627F38CAD0013D501 /* UIAlertControllerTests */ = {
			isa = PBXGroup;
			children = (
				6DB6A67727F38CAD0013D501 /* UIAlertControllerTests.swift */,
			);
			path = UIAlertControllerTests;
			sourceTree = "<group>";
		};
		6DB6A68027F38CAD0013D501 /* UIAlertControllerUITests */ = {
			isa = PBXGroup;
			children = (
				6DB6A68127F38CAD0013D501 /* UIAlertControllerUITests.swift */,
				6DB6A68327F38CAD0013D501 /* UIAlertControllerUITestsLaunchTests.swift */,
			);
			path = UIAlertControllerUITests;
			sourceTree = "<group>";
		};
/* End PBXGroup section */

/* Begin PBXNativeTarget section */
		6DB6A65C27F38CA70013D501 /* UIAlertController */ = {
			isa = PBXNativeTarget;
			buildConfigurationList = 6DB6A68727F38CAD0013D501 /* Build configuration list for PBXNativeTarget "UIAlertController" */;
			buildPhases = (
				6DB6A65927F38CA70013D501 /* Sources */,
				6DB6A65A27F38CA70013D501 /* Frameworks */,
				6DB6A65B27F38CA70013D501 /* Resources */,
			);
			buildRules = (
			);
			dependencies = (
			);
			name = UIAlertController;
			productName = UIAlertController;
			productReference = 6DB6A65D27F38CA70013D501 /* UIAlertController.app */;
			productType = "com.apple.product-type.application";
		};
		6DB6A67227F38CAD0013D501 /* UIAlertControllerTests */ = {
			isa = PBXNativeTarget;
			buildConfigurationList = 6DB6A68A27F38CAD0013D501 /* Build configuration list for PBXNativeTarget "UIAlertControllerTests" */;
			buildPhases = (
				6DB6A66F27F38CAD0013D501 /* Sources */,
				6DB6A67027F38CAD0013D501 /* Frameworks */,
				6DB6A67127F38CAD0013D501 /* Resources */,
			);
			buildRules = (
			);
			dependencies = (
				6DB6A67527F38CAD0013D501 /* PBXTargetDependency */,
			);
			name = UIAlertControllerTests;
			productName = UIAlertControllerTests;
			productReference = 6DB6A67327F38CAD0013D501 /* UIAlertControllerTests.xctest */;
			productType = "com.apple.product-type.bundle.unit-test";
		};
		6DB6A67C27F38CAD0013D501 /* UIAlertControllerUITests */ = {
			isa = PBXNativeTarget;
			buildConfigurationList = 6DB6A68D27F38CAD0013D501 /* Build configuration list for PBXNativeTarget "UIAlertControllerUITests" */;
			buildPhases = (
				6DB6A67927F38CAD0013D501 /* Sources */,
				6DB6A67A27F38CAD0013D501 /* Frameworks */,
				6DB6A67B27F38CAD0013D501 /* Resources */,
			);
			buildRules = (
			);
			dependencies = (
				6DB6A67F27F38CAD0013D501 /* PBXTargetDependency */,
			);
			name = UIAlertControllerUITests;
			productName = UIAlertControllerUITests;
			productReference = 6DB6A67D27F38CAD0013D501 /* UIAlertControllerUITests.xctest */;
			productType = "com.apple.product-type.bundle.ui-testing";
		};
/* End PBXNativeTarget section */

/* Begin PBXProject section */
		6DB6A65527F38CA70013D501 /* Project object */ = {
			isa = PBXProject;
			attributes = {
				BuildIndependentTargetsInParallel = 1;
				LastSwiftUpdateCheck = 1310;
				LastUpgradeCheck = 1310;
				TargetAttributes = {
					6DB6A65C27F38CA70013D501 = {
						CreatedOnToolsVersion = 13.1;
					};
					6DB6A67227F38CAD0013D501 = {
						CreatedOnToolsVersion = 13.1;
						TestTargetID = 6DB6A65C27F38CA70013D501;
					};
					6DB6A67C27F38CAD0013D501 = {
						CreatedOnToolsVersion = 13.1;
						TestTargetID = 6DB6A65C27F38CA70013D501;
					};
				};
			};
			buildConfigurationList = 6DB6A65827F38CA70013D501 /* Build configuration list for PBXProject "UIAlertController" */;
			compatibilityVersion = "Xcode 13.0";
			developmentRegion = en;
			hasScannedForEncodings = 0;
			knownRegions = (
				en,
				Base,
			);
			mainGroup = 6DB6A65427F38CA70013D501;
			productRefGroup = 6DB6A65E27F38CA70013D501 /* Products */;
			projectDirPath = "";
			projectRoot = "";
			targets = (
				6DB6A65C27F38CA70013D501 /* UIAlertController */,
				6DB6A67227F38CAD0013D501 /* UIAlertControllerTests */,
				6DB6A67C27F38CAD0013D501 /* UIAlertControllerUITests */,
			);
		};
/* End PBXProject section */

/* Begin PBXResourcesBuildPhase section */
		6DB6A65B27F38CA70013D501 /* Resources */ = {
			isa = PBXResourcesBuildPhase;
			buildActionMask = 2147483647;
			files = (
				6DB6A66D27F38CAC0013D501 /* LaunchScreen.storyboard in Resources */,
				6DB6A66A27F38CAC0013D501 /* Assets.xcassets in Resources */,
				6DB6A66827F38CA70013D501 /* Main.storyboard in Resources */,
			);
			runOnlyForDeploymentPostprocessing = 0;
		};
		6DB6A67127F38CAD0013D501 /* Resources */ = {
			isa = PBXResourcesBuildPhase;
			buildActionMask = 2147483647;
			files = (
			);
			runOnlyForDeploymentPostprocessing = 0;
		};
		6DB6A67B27F38CAD0013D501 /* Resources */ = {
			isa = PBXResourcesBuildPhase;
			buildActionMask = 2147483647;
			files = (
			);
			runOnlyForDeploymentPostprocessing = 0;
		};
/* End PBXResourcesBuildPhase section */

/* Begin PBXSourcesBuildPhase section */
		6DB6A65927F38CA70013D501 /* Sources */ = {
			isa = PBXSourcesBuildPhase;
			buildActionMask = 2147483647;
			files = (
				6DB6A66527F38CA70013D501 /* ViewController.swift in Sources */,
				6DB6A66127F38CA70013D501 /* AppDelegate.swift in Sources */,
				6DB6A66327F38CA70013D501 /* SceneDelegate.swift in Sources */,
			);
			runOnlyForDeploymentPostprocessing = 0;
		};
		6DB6A66F27F38CAD0013D501 /* Sources */ = {
			isa = PBXSourcesBuildPhase;
			buildActionMask = 2147483647;
			files = (
				6DB6A67827F38CAD0013D501 /* UIAlertControllerTests.swift in Sources */,
			);
			runOnlyForDeploymentPostprocessing = 0;
		};
		6DB6A67927F38CAD0013D501 /* Sources */ = {
			isa = PBXSourcesBuildPhase;
			buildActionMask = 2147483647;
			files = (
				6DB6A68227F38CAD0013D501 /* UIAlertControllerUITests.swift in Sources */,
				6DB6A68427F38CAD0013D501 /* UIAlertControllerUITestsLaunchTests.swift in Sources */,
			);
			runOnlyForDeploymentPostprocessing = 0;
		};
/* End PBXSourcesBuildPhase section */

/* Begin PBXTargetDependency section */
		6DB6A67527F38CAD0013D501 /* PBXTargetDependency */ = {
			isa = PBXTargetDependency;
			target = 6DB6A65C27F38CA70013D501 /* UIAlertController */;
			targetProxy = 6DB6A67427F38CAD0013D501 /* PBXContainerItemProxy */;
		};
		6DB6A67F27F38CAD0013D501 /* PBXTargetDependency */ = {
			isa = PBXTargetDependency;
			target = 6DB6A65C27F38CA70013D501 /* UIAlertController */;
			targetProxy = 6DB6A67E27F38CAD0013D501 /* PBXContainerItemProxy */;
		};
/* End PBXTargetDependency section */

/* Begin PBXVariantGroup section */
		6DB6A66627F38CA70013D501 /* Main.storyboard */ = {
			isa = PBXVariantGroup;
			children = (
				6DB6A66727F38CA70013D501 /* Base */,
			);
			name = Main.storyboard;
			sourceTree = "<group>";
		};
		6DB6A66B27F38CAC0013D501 /* LaunchScreen.storyboard */ = {
			isa = PBXVariantGroup;
			children = (
				6DB6A66C27F38CAC0013D501 /* Base */,
			);
			name = LaunchScreen.storyboard;
			sourceTree = "<group>";
		};
/* End PBXVariantGroup section */

/* Begin XCBuildConfiguration section */
		6DB6A68527F38CAD0013D501 /* Debug */ = {
			isa = XCBuildConfiguration;
			buildSettings = {
				ALWAYS_SEARCH_USER_PATHS = NO;
				CLANG_ANALYZER_NONNULL = YES;
				CLANG_ANALYZER_NUMBER_OBJECT_CONVERSION = YES_AGGRESSIVE;
				CLANG_CXX_LANGUAGE_STANDARD = "gnu++17";
				CLANG_CXX_LIBRARY = "libc++";
				CLANG_ENABLE_MODULES = YES;
				CLANG_ENABLE_OBJC_ARC = YES;
				CLANG_ENABLE_OBJC_WEAK = YES;
				CLANG_WARN_BLOCK_CAPTURE_AUTORELEASING = YES;
				CLANG_WARN_BOOL_CONVERSION = YES;
				CLANG_WARN_COMMA = YES;
				CLANG_WARN_CONSTANT_CONVERSION = YES;
				CLANG_WARN_DEPRECATED_OBJC_IMPLEMENTATIONS = YES;
				CLANG_WARN_DIRECT_OBJC_ISA_USAGE = YES_ERROR;
				CLANG_WARN_DOCUMENTATION_COMMENTS = YES;
				CLANG_WARN_EMPTY_BODY = YES;
				CLANG_WARN_ENUM_CONVERSION = YES;
				CLANG_WARN_INFINITE_RECURSION = YES;
				CLANG_WARN_INT_CONVERSION = YES;
				CLANG_WARN_NON_LITERAL_NULL_CONVERSION = YES;
				CLANG_WARN_OBJC_IMPLICIT_RETAIN_SELF = YES;
				CLANG_WARN_OBJC_LITERAL_CONVERSION = YES;
				CLANG_WARN_OBJC_ROOT_CLASS = YES_ERROR;
				CLANG_WARN_QUOTED_INCLUDE_IN_FRAMEWORK_HEADER = YES;
				CLANG_WARN_RANGE_LOOP_ANALYSIS = YES;
				CLANG_WARN_STRICT_PROTOTYPES = YES;
				CLANG_WARN_SUSPICIOUS_MOVE = YES;
				CLANG_WARN_UNGUARDED_AVAILABILITY = YES_AGGRESSIVE;
				CLANG_WARN_UNREACHABLE_CODE = YES;
				CLANG_WARN__DUPLICATE_METHOD_MATCH = YES;
				COPY_PHASE_STRIP = NO;
				DEBUG_INFORMATION_FORMAT = dwarf;
				ENABLE_STRICT_OBJC_MSGSEND = YES;
				ENABLE_TESTABILITY = YES;
				GCC_C_LANGUAGE_STANDARD = gnu11;
				GCC_DYNAMIC_NO_PIC = NO;
				GCC_NO_COMMON_BLOCKS = YES;
				GCC_OPTIMIZATION_LEVEL = 0;
				GCC_PREPROCESSOR_DEFINITIONS = (
					"DEBUG=1",
					"$(inherited)",
				);
				GCC_WARN_64_TO_32_BIT_CONVERSION = YES;
				GCC_WARN_ABOUT_RETURN_TYPE = YES_ERROR;
				GCC_WARN_UNDECLARED_SELECTOR = YES;
				GCC_WARN_UNINITIALIZED_AUTOS = YES_AGGRESSIVE;
				GCC_WARN_UNUSED_FUNCTION = YES;
				GCC_WARN_UNUSED_VARIABLE = YES;
				IPHONEOS_DEPLOYMENT_TARGET = 15.0;
				MTL_ENABLE_DEBUG_INFO = INCLUDE_SOURCE;
				MTL_FAST_MATH = YES;
				ONLY_ACTIVE_ARCH = YES;
				SDKROOT = iphoneos;
				SWIFT_ACTIVE_COMPILATION_CONDITIONS = DEBUG;
				SWIFT_OPTIMIZATION_LEVEL = "-Onone";
			};
			name = Debug;
		};
		6DB6A68627F38CAD0013D501 /* Release */ = {
			isa = XCBuildConfiguration;
			buildSettings = {
				ALWAYS_SEARCH_USER_PATHS = NO;
				CLANG_ANALYZER_NONNULL = YES;
				CLANG_ANALYZER_NUMBER_OBJECT_CONVERSION = YES_AGGRESSIVE;
				CLANG_CXX_LANGUAGE_STANDARD = "gnu++17";
				CLANG_CXX_LIBRARY = "libc++";
				CLANG_ENABLE_MODULES = YES;
				CLANG_ENABLE_OBJC_ARC = YES;
				CLANG_ENABLE_OBJC_WEAK = YES;
				CLANG_WARN_BLOCK_CAPTURE_AUTORELEASING = YES;
				CLANG_WARN_BOOL_CONVERSION = YES;
				CLANG_WARN_COMMA = YES;
				CLANG_WARN_CONSTANT_CONVERSION = YES;
				CLANG_WARN_DEPRECATED_OBJC_IMPLEMENTATIONS = YES;
				CLANG_WARN_DIRECT_OBJC_ISA_USAGE = YES_ERROR;
				CLANG_WARN_DOCUMENTATION_COMMENTS = YES;
				CLANG_WARN_EMPTY_BODY = YES;
				CLANG_WARN_ENUM_CONVERSION = YES;
				CLANG_WARN_INFINITE_RECURSION = YES;
				CLANG_WARN_INT_CONVERSION = YES;
				CLANG_WARN_NON_LITERAL_NULL_CONVERSION = YES;
				CLANG_WARN_OBJC_IMPLICIT_RETAIN_SELF = YES;
				CLANG_WARN_OBJC_LITERAL_CONVERSION = YES;
				CLANG_WARN_OBJC_ROOT_CLASS = YES_ERROR;
				CLANG_WARN_QUOTED_INCLUDE_IN_FRAMEWORK_HEADER = YES;
				CLANG_WARN_RANGE_LOOP_ANALYSIS = YES;
				CLANG_WARN_STRICT_PROTOTYPES = YES;
				CLANG_WARN_SUSPICIOUS_MOVE = YES;
				CLANG_WARN_UNGUARDED_AVAILABILITY = YES_AGGRESSIVE;
				CLANG_WARN_UNREACHABLE_CODE = YES;
				CLANG_WARN__DUPLICATE_METHOD_MATCH = YES;
				COPY_PHASE_STRIP = NO;
				DEBUG_INFORMATION_FORMAT = "dwarf-with-dsym";
				ENABLE_NS_ASSERTIONS = NO;
				ENABLE_STRICT_OBJC_MSGSEND = YES;
				GCC_C_LANGUAGE_STANDARD = gnu11;
				GCC_NO_COMMON_BLOCKS = YES;
				GCC_WARN_64_TO_32_BIT_CONVERSION = YES;
				GCC_WARN_ABOUT_RETURN_TYPE = YES_ERROR;
				GCC_WARN_UNDECLARED_SELECTOR = YES;
				GCC_WARN_UNINITIALIZED_AUTOS = YES_AGGRESSIVE;
				GCC_WARN_UNUSED_FUNCTION = YES;
				GCC_WARN_UNUSED_VARIABLE = YES;
				IPHONEOS_DEPLOYMENT_TARGET = 15.0;
				MTL_ENABLE_DEBUG_INFO = NO;
				MTL_FAST_MATH = YES;
				SDKROOT = iphoneos;
				SWIFT_COMPILATION_MODE = wholemodule;
				SWIFT_OPTIMIZATION_LEVEL = "-O";
				VALIDATE_PRODUCT = YES;
			};
			name = Release;
		};
		6DB6A68827F38CAD0013D501 /* Debug */ = {
			isa = XCBuildConfiguration;
			buildSettings = {
				ASSETCATALOG_COMPILER_APPICON_NAME = AppIcon;
				ASSETCATALOG_COMPILER_GLOBAL_ACCENT_COLOR_NAME = AccentColor;
				CODE_SIGN_STYLE = Automatic;
				CURRENT_PROJECT_VERSION = 1;
				GENERATE_INFOPLIST_FILE = YES;
				INFOPLIST_FILE = UIAlertController/Info.plist;
				INFOPLIST_KEY_UIApplicationSupportsIndirectInputEvents = YES;
				INFOPLIST_KEY_UILaunchStoryboardName = LaunchScreen;
				INFOPLIST_KEY_UIMainStoryboardFile = Main;
				INFOPLIST_KEY_UISupportedInterfaceOrientations_iPad = "UIInterfaceOrientationPortrait UIInterfaceOrientationPortraitUpsideDown UIInterfaceOrientationLandscapeLeft UIInterfaceOrientationLandscapeRight";
				INFOPLIST_KEY_UISupportedInterfaceOrientations_iPhone = "UIInterfaceOrientationPortrait UIInterfaceOrientationLandscapeLeft UIInterfaceOrientationLandscapeRight";
				LD_RUNPATH_SEARCH_PATHS = (
					"$(inherited)",
					"@executable_path/Frameworks",
				);
				MARKETING_VERSION = 1.0;
				PRODUCT_BUNDLE_IDENTIFIER = PCA.UIAlertController;
				PRODUCT_NAME = "$(TARGET_NAME)";
				SWIFT_EMIT_LOC_STRINGS = YES;
				SWIFT_VERSION = 5.0;
				TARGETED_DEVICE_FAMILY = "1,2";
			};
			name = Debug;
		};
		6DB6A68927F38CAD0013D501 /* Release */ = {
			isa = XCBuildConfiguration;
			buildSettings = {
				ASSETCATALOG_COMPILER_APPICON_NAME = AppIcon;
				ASSETCATALOG_COMPILER_GLOBAL_ACCENT_COLOR_NAME = AccentColor;
				CODE_SIGN_STYLE = Automatic;
				CURRENT_PROJECT_VERSION = 1;
				GENERATE_INFOPLIST_FILE = YES;
				INFOPLIST_FILE = UIAlertController/Info.plist;
				INFOPLIST_KEY_UIApplicationSupportsIndirectInputEvents = YES;
				INFOPLIST_KEY_UILaunchStoryboardName = LaunchScreen;
				INFOPLIST_KEY_UIMainStoryboardFile = Main;
				INFOPLIST_KEY_UISupportedInterfaceOrientations_iPad = "UIInterfaceOrientationPortrait UIInterfaceOrientationPortraitUpsideDown UIInterfaceOrientationLandscapeLeft UIInterfaceOrientationLandscapeRight";
				INFOPLIST_KEY_UISupportedInterfaceOrientations_iPhone = "UIInterfaceOrientationPortrait UIInterfaceOrientationLandscapeLeft UIInterfaceOrientationLandscapeRight";
				LD_RUNPATH_SEARCH_PATHS = (
					"$(inherited)",
					"@executable_path/Frameworks",
				);
				MARKETING_VERSION = 1.0;
				PRODUCT_BUNDLE_IDENTIFIER = PCA.UIAlertController;
				PRODUCT_NAME = "$(TARGET_NAME)";
				SWIFT_EMIT_LOC_STRINGS = YES;
				SWIFT_VERSION = 5.0;
				TARGETED_DEVICE_FAMILY = "1,2";
			};
			name = Release;
		};
		6DB6A68B27F38CAD0013D501 /* Debug */ = {
			isa = XCBuildConfiguration;
			buildSettings = {
				ALWAYS_EMBED_SWIFT_STANDARD_LIBRARIES = YES;
				BUNDLE_LOADER = "$(TEST_HOST)";
				CODE_SIGN_STYLE = Automatic;
				CURRENT_PROJECT_VERSION = 1;
				GENERATE_INFOPLIST_FILE = YES;
				IPHONEOS_DEPLOYMENT_TARGET = 15.0;
				LD_RUNPATH_SEARCH_PATHS = (
					"$(inherited)",
					"@executable_path/Frameworks",
					"@loader_path/Frameworks",
				);
				MARKETING_VERSION = 1.0;
				PRODUCT_BUNDLE_IDENTIFIER = PCA.UIAlertControllerTests;
				PRODUCT_NAME = "$(TARGET_NAME)";
				SWIFT_EMIT_LOC_STRINGS = NO;
				SWIFT_VERSION = 5.0;
				TARGETED_DEVICE_FAMILY = "1,2";
				TEST_HOST = "$(BUILT_PRODUCTS_DIR)/UIAlertController.app/UIAlertController";
			};
			name = Debug;
		};
		6DB6A68C27F38CAD0013D501 /* Release */ = {
			isa = XCBuildConfiguration;
			buildSettings = {
				ALWAYS_EMBED_SWIFT_STANDARD_LIBRARIES = YES;
				BUNDLE_LOADER = "$(TEST_HOST)";
				CODE_SIGN_STYLE = Automatic;
				CURRENT_PROJECT_VERSION = 1;
				GENERATE_INFOPLIST_FILE = YES;
				IPHONEOS_DEPLOYMENT_TARGET = 15.0;
				LD_RUNPATH_SEARCH_PATHS = (
					"$(inherited)",
					"@executable_path/Frameworks",
					"@loader_path/Frameworks",
				);
				MARKETING_VERSION = 1.0;
				PRODUCT_BUNDLE_IDENTIFIER = PCA.UIAlertControllerTests;
				PRODUCT_NAME = "$(TARGET_NAME)";
				SWIFT_EMIT_LOC_STRINGS = NO;
				SWIFT_VERSION = 5.0;
				TARGETED_DEVICE_FAMILY = "1,2";
				TEST_HOST = "$(BUILT_PRODUCTS_DIR)/UIAlertController.app/UIAlertController";
			};
			name = Release;
		};
		6DB6A68E27F38CAD0013D501 /* Debug */ = {
			isa = XCBuildConfiguration;
			buildSettings = {
				ALWAYS_EMBED_SWIFT_STANDARD_LIBRARIES = YES;
				CODE_SIGN_STYLE = Automatic;
				CURRENT_PROJECT_VERSION = 1;
				GENERATE_INFOPLIST_FILE = YES;
				LD_RUNPATH_SEARCH_PATHS = (
					"$(inherited)",
					"@executable_path/Frameworks",
					"@loader_path/Frameworks",
				);
				MARKETING_VERSION = 1.0;
				PRODUCT_BUNDLE_IDENTIFIER = PCA.UIAlertControllerUITests;
				PRODUCT_NAME = "$(TARGET_NAME)";
				SWIFT_EMIT_LOC_STRINGS = NO;
				SWIFT_VERSION = 5.0;
				TARGETED_DEVICE_FAMILY = "1,2";
				TEST_TARGET_NAME = UIAlertController;
			};
			name = Debug;
		};
		6DB6A68F27F38CAD0013D501 /* Release */ = {
			isa = XCBuildConfiguration;
			buildSettings = {
				ALWAYS_EMBED_SWIFT_STANDARD_LIBRARIES = YES;
				CODE_SIGN_STYLE = Automatic;
				CURRENT_PROJECT_VERSION = 1;
				GENERATE_INFOPLIST_FILE = YES;
				LD_RUNPATH_SEARCH_PATHS = (
					"$(inherited)",
					"@executable_path/Frameworks",
					"@loader_path/Frameworks",
				);
				MARKETING_VERSION = 1.0;
				PRODUCT_BUNDLE_IDENTIFIER = PCA.UIAlertControllerUITests;
				PRODUCT_NAME = "$(TARGET_NAME)";
				SWIFT_EMIT_LOC_STRINGS = NO;
				SWIFT_VERSION = 5.0;
				TARGETED_DEVICE_FAMILY = "1,2";
				TEST_TARGET_NAME = UIAlertController;
			};
			name = Release;
		};
/* End XCBuildConfiguration section */

/* Begin XCConfigurationList section */
		6DB6A65827F38CA70013D501 /* Build configuration list for PBXProject "UIAlertController" */ = {
			isa = XCConfigurationList;
			buildConfigurations = (
				6DB6A68527F38CAD0013D501 /* Debug */,
				6DB6A68627F38CAD0013D501 /* Release */,
			);
			defaultConfigurationIsVisible = 0;
			defaultConfigurationName = Release;
		};
		6DB6A68727F38CAD0013D501 /* Build configuration list for PBXNativeTarget "UIAlertController" */ = {
			isa = XCConfigurationList;
			buildConfigurations = (
				6DB6A68827F38CAD0013D501 /* Debug */,
				6DB6A68927F38CAD0013D501 /* Release */,
			);
			defaultConfigurationIsVisible = 0;
			defaultConfigurationName = Release;
		};
		6DB6A68A27F38CAD0013D501 /* Build configuration list for PBXNativeTarget "UIAlertControllerTests" */ = {
			isa = XCConfigurationList;
			buildConfigurations = (
				6DB6A68B27F38CAD0013D501 /* Debug */,
				6DB6A68C27F38CAD0013D501 /* Release */,
			);
			defaultConfigurationIsVisible = 0;
			defaultConfigurationName = Release;
		};
		6DB6A68D27F38CAD0013D501 /* Build configuration list for PBXNativeTarget "UIAlertControllerUITests" */ = {
			isa = XCConfigurationList;
			buildConfigurations = (
				6DB6A68E27F38CAD0013D501 /* Debug */,
				6DB6A68F27F38CAD0013D501 /* Release */,
			);
			defaultConfigurationIsVisible = 0;
			defaultConfigurationName = Release;
		};
/* End XCConfigurationList section */
	};
	rootObject = 6DB6A65527F38CA70013D501 /* Project object */;
}
